{
  "name": "loner-frontend",
  "lockfileVersion": 2,
  "requires": true,
  "packages": {
    "": {
      "dependencies": {
        "browser-image-compression": "^2.0.0"
      }
    },
    "node_modules/browser-image-compression": {
      "version": "2.0.0",
      "resolved": "https://registry.npmjs.org/browser-image-compression/-/browser-image-compression-2.0.0.tgz",
      "integrity": "sha512-kBlkZo13yOOfcmrPW0M0K/UdZPogIQj2gRvXIM3FktAnfW6VRq9aY2RI+F6O0x6DMj1Xm+WLGgWcFK8Fu/ddnw==",
      "dependencies": {
        "uzip": "0.20201231.0"
      }
    },
    "node_modules/uzip": {
      "version": "0.20201231.0",
      "resolved": "https://registry.npmjs.org/uzip/-/uzip-0.20201231.0.tgz",
      "integrity": "sha512-OZeJfZP+R0z9D6TmBgLq2LHzSSptGMGDGigGiEe0pr8UBe/7fdflgHlHBNDASTXB5jnFuxHpNaJywSg8YFeGng=="
    }
  },
  "dependencies": {
    "browser-image-compression": {
      "version": "2.0.0",
      "resolved": "https://registry.npmjs.org/browser-image-compression/-/browser-image-compression-2.0.0.tgz",
      "integrity": "sha512-kBlkZo13yOOfcmrPW0M0K/UdZPogIQj2gRvXIM3FktAnfW6VRq9aY2RI+F6O0x6DMj1Xm+WLGgWcFK8Fu/ddnw==",
      "requires": {
        "uzip": "0.20201231.0"
      }
    },
    "uzip": {
      "version": "0.20201231.0",
      "resolved": "https://registry.npmjs.org/uzip/-/uzip-0.20201231.0.tgz",
      "integrity": "sha512-OZeJfZP+R0z9D6TmBgLq2LHzSSptGMGDGigGiEe0pr8UBe/7fdflgHlHBNDASTXB5jnFuxHpNaJywSg8YFeGng=="
    }
  }
}
